{
  "version": 4,
  "terraform_version": "1.1.6",
  "serial": 12,
  "lineage": "b2e1ce0a-2fe4-e3bb-b6ae-041a4e8ced92",
  "outputs": {
    "ip": {
      "value": "34.135.10.85",
      "type": "string"
    }
  },
  "resources": [
    {
      "mode": "managed",
      "type": "google_compute_firewall",
      "name": "terraformed_firewall",
      "provider": "provider[\"registry.terraform.io/hashicorp/google\"]",
      "instances": [
        {
          "index_key": "http-8080-ingress",
          "schema_version": 1,
          "attributes": {
            "allow": [
              {
                "ports": [
                  "8080"
                ],
                "protocol": "tcp"
              }
            ],
            "creation_timestamp": "2022-03-03T17:59:10.328-08:00",
            "deny": [],
            "description": "",
            "destination_ranges": [],
            "direction": "INGRESS",
            "disabled": false,
            "enable_logging": null,
            "id": "projects/spherical-gate-338602/global/firewalls/http-8080-ingress",
            "log_config": [],
            "name": "http-8080-ingress",
            "network": "https://www.googleapis.com/compute/v1/projects/spherical-gate-338602/global/networks/marathon-vpc-28bde0c95f5cb841",
            "priority": 1000,
            "project": "spherical-gate-338602",
            "self_link": "https://www.googleapis.com/compute/v1/projects/spherical-gate-338602/global/firewalls/http-8080-ingress",
            "source_ranges": [
              "0.0.0.0/0"
            ],
            "source_service_accounts": [],
            "source_tags": [],
            "target_service_accounts": [],
            "target_tags": [
              "javasre"
            ],
            "timeouts": null
          },
          "sensitive_attributes": [],
          "private": "eyJlMmJmYjczMC1lY2FhLTExZTYtOGY4OC0zNDM2M2JjN2M0YzAiOnsiY3JlYXRlIjoxMjAwMDAwMDAwMDAwLCJkZWxldGUiOjEyMDAwMDAwMDAwMDAsInVwZGF0ZSI6MTIwMDAwMDAwMDAwMH0sInNjaGVtYV92ZXJzaW9uIjoiMSJ9",
          "dependencies": [
            "google_compute_network.vpc_network",
            "random_id.vpc_id"
          ]
        },
        {
          "index_key": "ssh-ingress",
          "schema_version": 1,
          "attributes": {
            "allow": [
              {
                "ports": [
                  "22"
                ],
                "protocol": "tcp"
              }
            ],
            "creation_timestamp": "2022-03-03T17:59:10.643-08:00",
            "deny": [],
            "description": "",
            "destination_ranges": [],
            "direction": "INGRESS",
            "disabled": false,
            "enable_logging": null,
            "id": "projects/spherical-gate-338602/global/firewalls/ssh-ingress",
            "log_config": [],
            "name": "ssh-ingress",
            "network": "https://www.googleapis.com/compute/v1/projects/spherical-gate-338602/global/networks/marathon-vpc-28bde0c95f5cb841",
            "priority": 1000,
            "project": "spherical-gate-338602",
            "self_link": "https://www.googleapis.com/compute/v1/projects/spherical-gate-338602/global/firewalls/ssh-ingress",
            "source_ranges": [
              "0.0.0.0/0"
            ],
            "source_service_accounts": [],
            "source_tags": [],
            "target_service_accounts": [],
            "target_tags": [
              "javasre"
            ],
            "timeouts": null
          },
          "sensitive_attributes": [],
          "private": "eyJlMmJmYjczMC1lY2FhLTExZTYtOGY4OC0zNDM2M2JjN2M0YzAiOnsiY3JlYXRlIjoxMjAwMDAwMDAwMDAwLCJkZWxldGUiOjEyMDAwMDAwMDAwMDAsInVwZGF0ZSI6MTIwMDAwMDAwMDAwMH0sInNjaGVtYV92ZXJzaW9uIjoiMSJ9",
          "dependencies": [
            "google_compute_network.vpc_network",
            "random_id.vpc_id"
          ]
        }
      ]
    },
    {
      "mode": "managed",
      "type": "google_compute_instance",
      "name": "terraformed_instance",
      "provider": "provider[\"registry.terraform.io/hashicorp/google\"]",
      "instances": [
        {
          "schema_version": 6,
          "attributes": {
            "advanced_machine_features": [],
            "allow_stopping_for_update": null,
            "attached_disk": [],
            "boot_disk": [
              {
                "auto_delete": true,
                "device_name": "persistent-disk-0",
                "disk_encryption_key_raw": "",
                "disk_encryption_key_sha256": "",
                "initialize_params": [
                  {
                    "image": "https://www.googleapis.com/compute/v1/projects/ubuntu-os-cloud/global/images/ubuntu-1804-bionic-v20220302",
                    "labels": {},
                    "size": 10,
                    "type": "pd-standard"
                  }
                ],
                "kms_key_self_link": "",
                "mode": "READ_WRITE",
                "source": "https://www.googleapis.com/compute/v1/projects/spherical-gate-338602/zones/us-central1-a/disks/marathon-instance-c58fa69464eabbb5"
              }
            ],
            "can_ip_forward": false,
            "confidential_instance_config": [],
            "cpu_platform": "Intel Broadwell",
            "current_status": "RUNNING",
            "deletion_protection": false,
            "description": "",
            "desired_status": null,
            "enable_display": false,
            "guest_accelerator": [],
            "hostname": "",
            "id": "projects/spherical-gate-338602/zones/us-central1-a/instances/marathon-instance-c58fa69464eabbb5",
            "instance_id": "5096846064217803935",
            "label_fingerprint": "42WmSpB8rSM=",
            "labels": {},
            "machine_type": "e2-micro",
            "metadata": {
              "ssh-keys": "mohammed.bubshait:ssh-ed25519 AAAAC3NzaC1lZDI1NTE5AAAAIKglm7bXYxtKABwj2ehcUT9QTk0g2YvZmMbzR6Zs60in moham@Mohammed\r\n",
              "startup-script": "sudo apt-get update\n\nsudo apt-get -y install openjdk-8-jdk docker.io maven\n\ncurl -fsSL https://pkg.jenkins.io/debian-stable/jenkins.io.key | sudo tee \\\n    /usr/share/keyrings/jenkins-keyring.asc \u003e /dev/null\n\necho deb [signed-by=/usr/share/keyrings/jenkins-keyring.asc] \\\n    https://pkg.jenkins.io/debian-stable binary/ | sudo tee \\\n    /etc/apt/sources.list.d/jenkins.list \u003e /dev/null\n\nsudo apt-get update\nsudo apt-get install jenkins -y"
            },
            "metadata_fingerprint": "r1Od8IHP2Ck=",
            "metadata_startup_script": null,
            "min_cpu_platform": "",
            "name": "marathon-instance-c58fa69464eabbb5",
            "network_interface": [
              {
                "access_config": [
                  {
                    "nat_ip": "34.135.10.85",
                    "network_tier": "PREMIUM",
                    "public_ptr_domain_name": ""
                  }
                ],
                "alias_ip_range": [],
                "ipv6_access_config": [],
                "ipv6_access_type": "",
                "name": "nic0",
                "network": "https://www.googleapis.com/compute/v1/projects/spherical-gate-338602/global/networks/marathon-vpc-28bde0c95f5cb841",
                "network_ip": "10.128.0.2",
                "nic_type": "",
                "queue_count": 0,
                "stack_type": "IPV4_ONLY",
                "subnetwork": "https://www.googleapis.com/compute/v1/projects/spherical-gate-338602/regions/us-central1/subnetworks/marathon-vpc-28bde0c95f5cb841",
                "subnetwork_project": "spherical-gate-338602"
              }
            ],
            "project": "spherical-gate-338602",
            "reservation_affinity": [],
            "resource_policies": [],
            "scheduling": [
              {
                "automatic_restart": true,
                "min_node_cpus": 0,
                "node_affinities": [],
                "on_host_maintenance": "MIGRATE",
                "preemptible": false
              }
            ],
            "scratch_disk": [],
            "self_link": "https://www.googleapis.com/compute/v1/projects/spherical-gate-338602/zones/us-central1-a/instances/marathon-instance-c58fa69464eabbb5",
            "service_account": [],
            "shielded_instance_config": [
              {
                "enable_integrity_monitoring": true,
                "enable_secure_boot": false,
                "enable_vtpm": true
              }
            ],
            "tags": [
              "marathon"
            ],
            "tags_fingerprint": "8qz1mCT1rjw=",
            "timeouts": null,
            "zone": "us-central1-a"
          },
          "sensitive_attributes": [],
          "private": "eyJlMmJmYjczMC1lY2FhLTExZTYtOGY4OC0zNDM2M2JjN2M0YzAiOnsiY3JlYXRlIjoxMjAwMDAwMDAwMDAwLCJkZWxldGUiOjEyMDAwMDAwMDAwMDAsInVwZGF0ZSI6MTIwMDAwMDAwMDAwMH0sInNjaGVtYV92ZXJzaW9uIjoiNiJ9",
          "dependencies": [
            "google_compute_network.vpc_network",
            "random_id.instance_id"
          ]
        }
      ]
    },
    {
      "mode": "managed",
      "type": "google_compute_network",
      "name": "vpc_network",
      "provider": "provider[\"registry.terraform.io/hashicorp/google\"]",
      "instances": [
        {
          "schema_version": 0,
          "attributes": {
            "auto_create_subnetworks": true,
            "delete_default_routes_on_create": false,
            "description": "",
            "gateway_ipv4": "",
            "id": "projects/spherical-gate-338602/global/networks/marathon-vpc-28bde0c95f5cb841",
            "mtu": 0,
            "name": "marathon-vpc-28bde0c95f5cb841",
            "project": "spherical-gate-338602",
            "routing_mode": "REGIONAL",
            "self_link": "https://www.googleapis.com/compute/v1/projects/spherical-gate-338602/global/networks/marathon-vpc-28bde0c95f5cb841",
            "timeouts": null
          },
          "sensitive_attributes": [],
          "private": "eyJlMmJmYjczMC1lY2FhLTExZTYtOGY4OC0zNDM2M2JjN2M0YzAiOnsiY3JlYXRlIjoxMjAwMDAwMDAwMDAwLCJkZWxldGUiOjEyMDAwMDAwMDAwMDAsInVwZGF0ZSI6MTIwMDAwMDAwMDAwMH19",
          "dependencies": [
            "random_id.vpc_id"
          ]
        }
      ]
    },
    {
      "mode": "managed",
      "type": "random_id",
      "name": "instance_id",
      "provider": "provider[\"registry.terraform.io/hashicorp/random\"]",
      "instances": [
        {
          "schema_version": 0,
          "attributes": {
            "b64_std": "xY+mlGTqu7U=",
            "b64_url": "xY-mlGTqu7U",
            "byte_length": 8,
            "dec": "14235780103419902901",
            "hex": "c58fa69464eabbb5",
            "id": "xY-mlGTqu7U",
            "keepers": null,
            "prefix": null
          },
          "sensitive_attributes": [],
          "private": "bnVsbA=="
        }
      ]
    },
    {
      "mode": "managed",
      "type": "random_id",
      "name": "vpc_id",
      "provider": "provider[\"registry.terraform.io/hashicorp/random\"]",
      "instances": [
        {
          "schema_version": 0,
          "attributes": {
            "b64_std": "KL3gyV9cuEE=",
            "b64_url": "KL3gyV9cuEE",
            "byte_length": 8,
            "dec": "2935749687608391745",
            "hex": "28bde0c95f5cb841",
            "id": "KL3gyV9cuEE",
            "keepers": null,
            "prefix": null
          },
          "sensitive_attributes": [],
          "private": "bnVsbA=="
        }
      ]
    }
  ]
}
