{
  "version": 4,
  "terraform_version": "1.1.6",
  "serial": 43,
  "lineage": "8da82453-3b86-f393-4300-c788a183922d",
  "outputs": {
    "kubernetes_cluster_host": {
      "value": "35.224.163.248",
      "type": "string"
    },
    "kubernetes_cluster_name": {
      "value": "spherical-gate-338602-gke",
      "type": "string"
    },
    "project_id": {
      "value": "spherical-gate-338602",
      "type": "string"
    },
    "region": {
      "value": "us-central1",
      "type": "string"
    }
  },
  "resources": [
    {
      "mode": "managed",
      "type": "google_compute_network",
      "name": "vpc",
      "provider": "provider[\"registry.terraform.io/hashicorp/google\"]",
      "instances": [
        {
          "schema_version": 0,
          "attributes": {
            "auto_create_subnetworks": false,
            "delete_default_routes_on_create": false,
            "description": "",
            "gateway_ipv4": "",
            "id": "projects/spherical-gate-338602/global/networks/spherical-gate-338602-vpc",
            "mtu": 0,
            "name": "spherical-gate-338602-vpc",
            "project": "spherical-gate-338602",
            "routing_mode": "REGIONAL",
            "self_link": "https://www.googleapis.com/compute/v1/projects/spherical-gate-338602/global/networks/spherical-gate-338602-vpc",
            "timeouts": null
          },
          "sensitive_attributes": [],
          "private": "eyJlMmJmYjczMC1lY2FhLTExZTYtOGY4OC0zNDM2M2JjN2M0YzAiOnsiY3JlYXRlIjoxMjAwMDAwMDAwMDAwLCJkZWxldGUiOjEyMDAwMDAwMDAwMDAsInVwZGF0ZSI6MTIwMDAwMDAwMDAwMH19"
        }
      ]
    },
    {
      "mode": "managed",
      "type": "google_compute_subnetwork",
      "name": "subnet",
      "provider": "provider[\"registry.terraform.io/hashicorp/google\"]",
      "instances": [
        {
          "schema_version": 0,
          "attributes": {
            "creation_timestamp": "2022-03-05T21:26:43.845-08:00",
            "description": "",
            "external_ipv6_prefix": "",
            "fingerprint": null,
            "gateway_address": "10.10.0.1",
            "id": "projects/spherical-gate-338602/regions/us-central1/subnetworks/spherical-gate-338602-subnet",
            "ip_cidr_range": "10.10.0.0/24",
            "ipv6_access_type": "",
            "ipv6_cidr_range": "",
            "log_config": [],
            "name": "spherical-gate-338602-subnet",
            "network": "https://www.googleapis.com/compute/v1/projects/spherical-gate-338602/global/networks/spherical-gate-338602-vpc",
            "private_ip_google_access": false,
            "private_ipv6_google_access": "DISABLE_GOOGLE_ACCESS",
            "project": "spherical-gate-338602",
            "purpose": "PRIVATE",
            "region": "us-central1",
            "role": "",
            "secondary_ip_range": [],
            "self_link": "https://www.googleapis.com/compute/v1/projects/spherical-gate-338602/regions/us-central1/subnetworks/spherical-gate-338602-subnet",
            "stack_type": "IPV4_ONLY",
            "timeouts": null
          },
          "sensitive_attributes": [],
          "private": "eyJlMmJmYjczMC1lY2FhLTExZTYtOGY4OC0zNDM2M2JjN2M0YzAiOnsiY3JlYXRlIjoxMjAwMDAwMDAwMDAwLCJkZWxldGUiOjEyMDAwMDAwMDAwMDAsInVwZGF0ZSI6MTIwMDAwMDAwMDAwMH19",
          "dependencies": [
            "google_compute_network.vpc"
          ]
        }
      ]
    },
    {
      "mode": "managed",
      "type": "google_container_cluster",
      "name": "primary",
      "provider": "provider[\"registry.terraform.io/hashicorp/google\"]",
      "instances": [
        {
          "schema_version": 1,
          "attributes": {
            "addons_config": [
              {
                "cloudrun_config": [],
                "gcp_filestore_csi_driver_config": [],
                "horizontal_pod_autoscaling": [],
                "http_load_balancing": [],
                "network_policy_config": [
                  {
                    "disabled": true
                  }
                ]
              }
            ],
            "authenticator_groups_config": [],
            "cluster_autoscaling": [
              {
                "auto_provisioning_defaults": [],
                "enabled": false,
                "resource_limits": []
              }
            ],
            "cluster_ipv4_cidr": "10.188.0.0/14",
            "confidential_nodes": [],
            "database_encryption": [
              {
                "key_name": "",
                "state": "DECRYPTED"
              }
            ],
            "datapath_provider": "",
            "default_max_pods_per_node": null,
            "default_snat_status": [
              {
                "disabled": false
              }
            ],
            "description": "",
            "dns_config": [],
            "enable_autopilot": false,
            "enable_binary_authorization": false,
            "enable_intranode_visibility": false,
            "enable_kubernetes_alpha": false,
            "enable_legacy_abac": false,
            "enable_shielded_nodes": true,
            "enable_tpu": false,
            "endpoint": "35.224.163.248",
            "id": "projects/spherical-gate-338602/locations/us-central1/clusters/spherical-gate-338602-gke",
            "initial_node_count": 1,
            "ip_allocation_policy": [],
            "label_fingerprint": "a9dc16a7",
            "location": "us-central1",
            "logging_config": [
              {
                "enable_components": [
                  "SYSTEM_COMPONENTS",
                  "WORKLOADS"
                ]
              }
            ],
            "logging_service": "logging.googleapis.com/kubernetes",
            "maintenance_policy": [],
            "master_auth": [
              {
                "client_certificate": "",
                "client_certificate_config": [
                  {
                    "issue_client_certificate": false
                  }
                ],
                "client_key": "",
                "cluster_ca_certificate": "LS0tLS1CRUdJTiBDRVJUSUZJQ0FURS0tLS0tCk1JSUVMVENDQXBXZ0F3SUJBZ0lSQVBFZXNGWDQwR3dMTnVkSTl5MTdzUXN3RFFZSktvWklodmNOQVFFTEJRQXcKTHpFdE1Dc0dBMVVFQXhNa05qZzBNalV3TXpBdE0yTXdPUzAwT0RjNUxUZzRPREV0TXpVNU16Um1aakEyWmpJMgpNQ0FYRFRJeU1ETXdOakEwTWpjd05Wb1lEekl3TlRJd01qSTNNRFV5TnpBMVdqQXZNUzB3S3dZRFZRUURFeVEyCk9EUXlOVEF6TUMwell6QTVMVFE0TnprdE9EZzRNUzB6TlRrek5HWm1NRFptTWpZd2dnR2lNQTBHQ1NxR1NJYjMKRFFFQkFRVUFBNElCandBd2dnR0tBb0lCZ1FDdEpYVWtSOCtQcUphY3lJd09RamhETTRVVXVCSlhqYzZlV1dHMwpuOFVnSXkxL3BCY0hkd0lUYkt3bmc3aVZKMlhBQjRiT3diWnAwYXZPNG9zQlVYcnlDS1ZmVm4yeWdGaWlaN2Y5ClNOTHVVVlJwMTZuZVl1UGE1TUxZZVpCazlrekYrcUZPSEJjNExYQUx5cUNsWC9MZjZpTzJTL2lRc1hORCsxelEKbXZzckFkMkVpc1VacFBSWnNTRGxWQjQvdzFSRitVRmloTUE3SUE3SnFTYmVnYWZKZGh4VzE5d1ZvdERyaXNudAplL21aU2FrdVQwMWZLOGlESVlrVnV0VEJPTERkZ2NqWWZEM0V2V0Z1QnJIL1pUTkZXRzk3SVlQSWlmaDg2bU1KCk5ZV01Sd3JpYlZOYnpHU01NdFVzNUZJMWZ6TGQ0c1hhRWhHTXdEOWtSOUMwaHUxRUl3azduZ053bGdPUTdRN1cKbmM0bUtvQVlxK2JOZDNQRDIwVlZQR2FoSTZaa3hDNnpNZWMwK3pIYytmU0FLTWc3NkNKcjFaQXVEdkFjbDRJOAo2VlA1SVZZQ3BzL09ZWFBNcjdoZ2s4Z2tKZS9vN2xzN3g2azVLQU5rQnZrSnVGNC84cGlCWk9zWVdYakd4dVhhCnVHOWRueVpOcnIyNFIrRUdGTTc3UWp2STNnRUNBd0VBQWFOQ01FQXdEZ1lEVlIwUEFRSC9CQVFEQWdJRU1BOEcKQTFVZEV3RUIvd1FGTUFNQkFmOHdIUVlEVlIwT0JCWUVGRUk2Z05lcit1b2VncEE5aDFQR2Z5cWpRaXBCTUEwRwpDU3FHU0liM0RRRUJDd1VBQTRJQmdRQUxJYW91eW1mVDIyYXAvZ1p5clhkc3lUblZ4VC9SR2lrVTZPMzZDemMwCmdXcnZiRUV3QndpcHZad2d4eVNjd0V3Q3ZhZ1FBUXM4dnliL0lEVDJhbG9BbEg1UDZidVQweTQvYUpwMGd0SGcKL01TQmFnZWxUTk9pYnNpYzZPanFNRCtidWsxOG1wVVZPZmVRbFdObVc1TXpIdlJnK09CbytZbWtQVkZHMThEQQpHMWpaOStYRHVYYmgzTnVQcDhNR0Yrclg3WWtyV2k3QTdFdXlEaXZLRnFUaWgxeEZ1TTE2SXl1RjVnRDkzRDd0Cis5RXYrU24wQkJha05qOENmdjgzSEdVeE9pVnE3MHhWaEhvako1RFp3dEVlVld1K0k5dVN6SmxvSFBhQVZxMm8KeG9hL0sxK0Q2SFlJclVqUEhhb0pQYVp6Q0RoOVE2TVU3NHc1ZXpvaWxyazdRNnFxQjhiRzJsVkExeW11bU82MwpLNzBWVDBRdjNxTWg1akxzVDJvS003c21SUlZKQis5QUozRU9peExoOVJPV2JGOXVtdFJVZ3JJOE9seitlS2RQCnhOV2pRcDYrcVBaUzQ2ZERrQzhNUzNtQU9vbEkwRDJaUnlkNFluT2oybm1pRmpBTGRXVHluWVQ0MjVYY3M0VDYKQUZPVURXRWF6aEtmaFErZ21sNXhKbjQ9Ci0tLS0tRU5EIENFUlRJRklDQVRFLS0tLS0K"
              }
            ],
            "master_authorized_networks_config": [],
            "master_version": "1.21.6-gke.1503",
            "min_master_version": null,
            "monitoring_config": [
              {
                "enable_components": [
                  "SYSTEM_COMPONENTS"
                ]
              }
            ],
            "monitoring_service": "monitoring.googleapis.com/kubernetes",
            "name": "spherical-gate-338602-gke",
            "network": "projects/spherical-gate-338602/global/networks/spherical-gate-338602-vpc",
            "network_policy": [
              {
                "enabled": false,
                "provider": "PROVIDER_UNSPECIFIED"
              }
            ],
            "networking_mode": "ROUTES",
            "node_config": [],
            "node_locations": [
              "us-central1-b",
              "us-central1-c",
              "us-central1-f"
            ],
            "node_pool": [],
            "node_version": "1.21.6-gke.1503",
            "operation": null,
            "private_cluster_config": [],
            "private_ipv6_google_access": "",
            "project": "spherical-gate-338602",
            "release_channel": [
              {
                "channel": "REGULAR"
              }
            ],
            "remove_default_node_pool": true,
            "resource_labels": null,
            "resource_usage_export_config": [],
            "self_link": "https://container.googleapis.com/v1/projects/spherical-gate-338602/locations/us-central1/clusters/spherical-gate-338602-gke",
            "services_ipv4_cidr": "10.191.240.0/20",
            "subnetwork": "projects/spherical-gate-338602/regions/us-central1/subnetworks/spherical-gate-338602-subnet",
            "timeouts": null,
            "tpu_ipv4_cidr_block": "",
            "vertical_pod_autoscaling": [],
            "workload_identity_config": []
          },
          "sensitive_attributes": [],
          "private": "eyJlMmJmYjczMC1lY2FhLTExZTYtOGY4OC0zNDM2M2JjN2M0YzAiOnsiY3JlYXRlIjoyNDAwMDAwMDAwMDAwLCJkZWxldGUiOjI0MDAwMDAwMDAwMDAsInJlYWQiOjI0MDAwMDAwMDAwMDAsInVwZGF0ZSI6MzYwMDAwMDAwMDAwMH0sInNjaGVtYV92ZXJzaW9uIjoiMSJ9",
          "dependencies": [
            "google_compute_network.vpc",
            "google_compute_subnetwork.subnet"
          ]
        }
      ]
    },
    {
      "mode": "managed",
      "type": "google_container_node_pool",
      "name": "primary_nodes",
      "provider": "provider[\"registry.terraform.io/hashicorp/google\"]",
      "instances": [
        {
          "schema_version": 1,
          "attributes": {
            "autoscaling": [],
            "cluster": "spherical-gate-338602-gke",
            "id": "projects/spherical-gate-338602/locations/us-central1/clusters/spherical-gate-338602-gke/nodePools/spherical-gate-338602-gke-node-pool",
            "initial_node_count": 1,
            "instance_group_urls": [
              "https://www.googleapis.com/compute/v1/projects/spherical-gate-338602/zones/us-central1-a/instanceGroupManagers/gke-spherical-gate-3-spherical-gate-3-1f9ae5dc-grp",
              "https://www.googleapis.com/compute/v1/projects/spherical-gate-338602/zones/us-central1-b/instanceGroupManagers/gke-spherical-gate-3-spherical-gate-3-a8463c6f-grp"
            ],
            "location": "us-central1",
            "managed_instance_group_urls": [
              "https://www.googleapis.com/compute/v1/projects/spherical-gate-338602/zones/us-central1-a/instanceGroups/gke-spherical-gate-3-spherical-gate-3-1f9ae5dc-grp",
              "https://www.googleapis.com/compute/v1/projects/spherical-gate-338602/zones/us-central1-b/instanceGroups/gke-spherical-gate-3-spherical-gate-3-a8463c6f-grp"
            ],
            "management": [
              {
                "auto_repair": true,
                "auto_upgrade": true
              }
            ],
            "max_pods_per_node": null,
            "name": "spherical-gate-338602-gke-node-pool",
            "name_prefix": "",
            "node_config": [
              {
                "boot_disk_kms_key": "",
                "disk_size_gb": 100,
                "disk_type": "pd-standard",
                "gcfs_config": [],
                "guest_accelerator": [],
                "image_type": "COS_CONTAINERD",
                "labels": {
                  "env": "spherical-gate-338602"
                },
                "local_ssd_count": 0,
                "machine_type": "n1-standard-2",
                "metadata": {
                  "disable-legacy-endpoints": "true"
                },
                "min_cpu_platform": "",
                "node_group": "",
                "oauth_scopes": [
                  "https://www.googleapis.com/auth/logging.write",
                  "https://www.googleapis.com/auth/monitoring"
                ],
                "preemptible": false,
                "service_account": "default",
                "shielded_instance_config": [
                  {
                    "enable_integrity_monitoring": true,
                    "enable_secure_boot": false
                  }
                ],
                "tags": [
                  "gke-node",
                  "spherical-gate-338602-gke"
                ],
                "taint": [],
                "workload_metadata_config": []
              }
            ],
            "node_count": 1,
            "node_locations": [
              "us-central1-a",
              "us-central1-b"
            ],
            "operation": null,
            "project": "spherical-gate-338602",
            "timeouts": null,
            "upgrade_settings": [
              {
                "max_surge": 1,
                "max_unavailable": 0
              }
            ],
            "version": "1.21.6-gke.1503"
          },
          "sensitive_attributes": [],
          "private": "eyJlMmJmYjczMC1lY2FhLTExZTYtOGY4OC0zNDM2M2JjN2M0YzAiOnsiY3JlYXRlIjoxODAwMDAwMDAwMDAwLCJkZWxldGUiOjE4MDAwMDAwMDAwMDAsInVwZGF0ZSI6MTgwMDAwMDAwMDAwMH0sInNjaGVtYV92ZXJzaW9uIjoiMSJ9",
          "dependencies": [
            "google_compute_network.vpc",
            "google_compute_subnetwork.subnet",
            "google_container_cluster.primary"
          ]
        }
      ]
    }
  ]
}
